
Microsoft Visual Studio Solution File, Format Version 12.00
# Visual Studio Version 17
VisualStudioVersion = 17.3.32929.385
MinimumVisualStudioVersion = 10.0.40219.1
Project("{F184B08F-C81C-45F6-A57F-5ABD9991F28F}") = "projecthelp", "projecthelp\projecthelp.vbproj", "{946FDC6D-94E5-41A5-BE54-215912B83706}"
EndProject
Global
	GlobalSection(SolutionConfigurationPlatforms) = preSolution
		Debug|Any CPU = Debug|Any CPU
		Release|Any CPU = Release|Any CPU
	EndGlobalSection
	GlobalSection(ProjectConfigurationPlatforms) = postSolution
		{946FDC6D-94E5-41A5-BE54-215912B83706}.Debug|Any CPU.ActiveCfg = Debug|Any CPU
		{946FDC6D-94E5-41A5-BE54-215912B83706}.Debug|Any CPU.Build.0 = Debug|Any CPU
		{946FDC6D-94E5-41A5-BE54-215912B83706}.Release|Any CPU.ActiveCfg = Release|Any CPU
		{946FDC6D-94E5-41A5-BE54-215912B83706}.Release|Any CPU.Build.0 = Release|Any CPU
	EndGlobalSection
	GlobalSection(SolutionProperties) = preSolution
		HideSolutionNode = FALSE
	EndGlobalSection
	GlobalSection(ExtensibilityGlobals) = postSolution
		SolutionGuid = {8C46DDFB-1CA9-48E9-B219-FC52B366B259}
	EndGlobalSection
EndGlobal
