
Microsoft Visual Studio Solution File, Format Version 12.00
# Visual Studio Version 17
VisualStudioVersion = 17.3.32929.385
MinimumVisualStudioVersion = 10.0.40219.1
Project("{F184B08F-C81C-45F6-A57F-5ABD9991F28F}") = "MyStuff", "MyStuff\MyStuff.vbproj", "{E22353A9-DDCD-48A4-8930-1B75AA1CB559}"
EndProject
Global
	GlobalSection(SolutionConfigurationPlatforms) = preSolution
		Debug|Any CPU = Debug|Any CPU
		Release|Any CPU = Release|Any CPU
	EndGlobalSection
	GlobalSection(ProjectConfigurationPlatforms) = postSolution
		{E22353A9-DDCD-48A4-8930-1B75AA1CB559}.Debug|Any CPU.ActiveCfg = Debug|Any CPU
		{E22353A9-DDCD-48A4-8930-1B75AA1CB559}.Debug|Any CPU.Build.0 = Debug|Any CPU
		{E22353A9-DDCD-48A4-8930-1B75AA1CB559}.Release|Any CPU.ActiveCfg = Release|Any CPU
		{E22353A9-DDCD-48A4-8930-1B75AA1CB559}.Release|Any CPU.Build.0 = Release|Any CPU
	EndGlobalSection
	GlobalSection(SolutionProperties) = preSolution
		HideSolutionNode = FALSE
	EndGlobalSection
	GlobalSection(ExtensibilityGlobals) = postSolution
		SolutionGuid = {0C2FD667-F27E-45E0-A38B-B1EBB5F2C9D2}
	EndGlobalSection
EndGlobal
